// !$*UTF8*$!
{
	archiveVersion = 1;
	classes = {
	};
	objectVersion = 56;
	objects = {

/* Begin PBXBuildFile section */
		644C2B6A94307E29ECA15107 /* Pods_ObjCUIApp.framework in Frameworks */ = {isa = PBXBuildFile; fileRef = E9D7A01A7D09F87F6E027D56 /* Pods_ObjCUIApp.framework */; };
		D8D0C00F2A31C931009BDBF0 /* AppDelegate.m in Sources */ = {isa = PBXBuildFile; fileRef = D8D0C00E2A31C931009BDBF0 /* AppDelegate.m */; };
		D8D0C0122A31C931009BDBF0 /* ViewController.m in Sources */ = {isa = PBXBuildFile; fileRef = D8D0C0112A31C931009BDBF0 /* ViewController.m */; };
		D8D0C0142A31C93A009BDBF0 /* Assets.xcassets in Resources */ = {isa = PBXBuildFile; fileRef = D8D0C0132A31C93A009BDBF0 /* Assets.xcassets */; };
		D8D0C0172A31C93A009BDBF0 /* Main.storyboard in Resources */ = {isa = PBXBuildFile; fileRef = D8D0C0152A31C93A009BDBF0 /* Main.storyboard */; };
		D8D0C0192A31C93A009BDBF0 /* main.m in Sources */ = {isa = PBXBuildFile; fileRef = D8D0C0182A31C93A009BDBF0 /* main.m */; };
/* End PBXBuildFile section */

/* Begin PBXFileReference section */
		6521BBFD3CFFEB42195BA9CD /* Pods-ObjCUIApp.release.xcconfig */ = {isa = PBXFileReference; includeInIndex = 1; lastKnownFileType = text.xcconfig; name = "Pods-ObjCUIApp.release.xcconfig"; path = "Target Support Files/Pods-ObjCUIApp/Pods-ObjCUIApp.release.xcconfig"; sourceTree = "<group>"; };
		79F870920B111A4A958C666F /* Pods-ObjCUIApp.debug.xcconfig */ = {isa = PBXFileReference; includeInIndex = 1; lastKnownFileType = text.xcconfig; name = "Pods-ObjCUIApp.debug.xcconfig"; path = "Target Support Files/Pods-ObjCUIApp/Pods-ObjCUIApp.debug.xcconfig"; sourceTree = "<group>"; };
		D8D0C00A2A31C931009BDBF0 /* ObjCUIApp.app */ = {isa = PBXFileReference; explicitFileType = wrapper.application; includeInIndex = 0; path = ObjCUIApp.app; sourceTree = BUILT_PRODUCTS_DIR; };
		D8D0C00D2A31C931009BDBF0 /* AppDelegate.h */ = {isa = PBXFileReference; lastKnownFileType = sourcecode.c.h; path = AppDelegate.h; sourceTree = "<group>"; };
		D8D0C00E2A31C931009BDBF0 /* AppDelegate.m */ = {isa = PBXFileReference; lastKnownFileType = sourcecode.c.objc; path = AppDelegate.m; sourceTree = "<group>"; };
		D8D0C0102A31C931009BDBF0 /* ViewController.h */ = {isa = PBXFileReference; lastKnownFileType = sourcecode.c.h; path = ViewController.h; sourceTree = "<group>"; };
		D8D0C0112A31C931009BDBF0 /* ViewController.m */ = {isa = PBXFileReference; lastKnownFileType = sourcecode.c.objc; path = ViewController.m; sourceTree = "<group>"; };
		D8D0C0132A31C93A009BDBF0 /* Assets.xcassets */ = {isa = PBXFileReference; lastKnownFileType = folder.assetcatalog; path = Assets.xcassets; sourceTree = "<group>"; };
		D8D0C0162A31C93A009BDBF0 /* Base */ = {isa = PBXFileReference; lastKnownFileType = file.storyboard; name = Base; path = Base.lproj/Main.storyboard; sourceTree = "<group>"; };
		D8D0C0182A31C93A009BDBF0 /* main.m */ = {isa = PBXFileReference; lastKnownFileType = sourcecode.c.objc; path = main.m; sourceTree = "<group>"; };
		D8D0C01A2A31C93A009BDBF0 /* ObjCUIApp.entitlements */ = {isa = PBXFileReference; lastKnownFileType = text.plist.entitlements; path = ObjCUIApp.entitlements; sourceTree = "<group>"; };
		E9D7A01A7D09F87F6E027D56 /* Pods_ObjCUIApp.framework */ = {isa = PBXFileReference; explicitFileType = wrapper.framework; includeInIndex = 0; path = Pods_ObjCUIApp.framework; sourceTree = BUILT_PRODUCTS_DIR; };
/* End PBXFileReference section */

/* Begin PBXFrameworksBuildPhase section */
		D8D0C0072A31C931009BDBF0 /* Frameworks */ = {
			isa = PBXFrameworksBuildPhase;
			buildActionMask = 2147483647;
			files = (
				644C2B6A94307E29ECA15107 /* Pods_ObjCUIApp.framework in Frameworks */,
			);
			runOnlyForDeploymentPostprocessing = 0;
		};
/* End PBXFrameworksBuildPhase section */

/* Begin PBXGroup section */
		9172B63A75BE2FD05668DDB9 /* Pods */ = {
			isa = PBXGroup;
			children = (
				79F870920B111A4A958C666F /* Pods-ObjCUIApp.debug.xcconfig */,
				6521BBFD3CFFEB42195BA9CD /* Pods-ObjCUIApp.release.xcconfig */,
			);
			name = Pods;
			path = Pods;
			sourceTree = "<group>";
		};
		BB299839D869001169281461 /* Frameworks */ = {
			isa = PBXGroup;
			children = (
				E9D7A01A7D09F87F6E027D56 /* Pods_ObjCUIApp.framework */,
			);
			name = Frameworks;
			sourceTree = "<group>";
		};
		D8D0C0012A31C931009BDBF0 = {
			isa = PBXGroup;
			children = (
				D8D0C00C2A31C931009BDBF0 /* ObjCUIApp */,
				D8D0C00B2A31C931009BDBF0 /* Products */,
				9172B63A75BE2FD05668DDB9 /* Pods */,
				BB299839D869001169281461 /* Frameworks */,
			);
			sourceTree = "<group>";
		};
		D8D0C00B2A31C931009BDBF0 /* Products */ = {
			isa = PBXGroup;
			children = (
				D8D0C00A2A31C931009BDBF0 /* ObjCUIApp.app */,
			);
			name = Products;
			sourceTree = "<group>";
		};
		D8D0C00C2A31C931009BDBF0 /* ObjCUIApp */ = {
			isa = PBXGroup;
			children = (
				D8D0C00D2A31C931009BDBF0 /* AppDelegate.h */,
				D8D0C00E2A31C931009BDBF0 /* AppDelegate.m */,
				D8D0C0102A31C931009BDBF0 /* ViewController.h */,
				D8D0C0112A31C931009BDBF0 /* ViewController.m */,
				D8D0C0132A31C93A009BDBF0 /* Assets.xcassets */,
				D8D0C0152A31C93A009BDBF0 /* Main.storyboard */,
				D8D0C0182A31C93A009BDBF0 /* main.m */,
				D8D0C01A2A31C93A009BDBF0 /* ObjCUIApp.entitlements */,
			);
			path = ObjCUIApp;
			sourceTree = "<group>";
		};
/* End PBXGroup section */

/* Begin PBXNativeTarget section */
		D8D0C0092A31C931009BDBF0 /* ObjCUIApp */ = {
			isa = PBXNativeTarget;
			buildConfigurationList = D8D0C01D2A31C93A009BDBF0 /* Build configuration list for PBXNativeTarget "ObjCUIApp" */;
			buildPhases = (
				0E2F8C7636ED7A6CAFAC01CC /* [CP] Check Pods Manifest.lock */,
				D8D0C0062A31C931009BDBF0 /* Sources */,
				D8D0C0072A31C931009BDBF0 /* Frameworks */,
				D8D0C0082A31C931009BDBF0 /* Resources */,
				4BE60C677B8E63A91C32FCB1 /* [CP] Embed Pods Frameworks */,
			);
			buildRules = (
			);
			dependencies = (
			);
			name = ObjCUIApp;
			productName = ObjCUIApp;
			productReference = D8D0C00A2A31C931009BDBF0 /* ObjCUIApp.app */;
			productType = "com.apple.product-type.application";
		};
/* End PBXNativeTarget section */

/* Begin PBXProject section */
		D8D0C0022A31C931009BDBF0 /* Project object */ = {
			isa = PBXProject;
			attributes = {
				BuildIndependentTargetsInParallel = 1;
				LastUpgradeCheck = 1420;
				TargetAttributes = {
					D8D0C0092A31C931009BDBF0 = {
						CreatedOnToolsVersion = 14.2;
					};
				};
			};
			buildConfigurationList = D8D0C0052A31C931009BDBF0 /* Build configuration list for PBXProject "ObjCUIApp" */;
			compatibilityVersion = "Xcode 14.0";
			developmentRegion = en;
			hasScannedForEncodings = 0;
			knownRegions = (
				en,
				Base,
			);
			mainGroup = D8D0C0012A31C931009BDBF0;
			productRefGroup = D8D0C00B2A31C931009BDBF0 /* Products */;
			projectDirPath = "";
			projectRoot = "";
			targets = (
				D8D0C0092A31C931009BDBF0 /* ObjCUIApp */,
			);
		};
/* End PBXProject section */

/* Begin PBXResourcesBuildPhase section */
		D8D0C0082A31C931009BDBF0 /* Resources */ = {
			isa = PBXResourcesBuildPhase;
			buildActionMask = 2147483647;
			files = (
				D8D0C0142A31C93A009BDBF0 /* Assets.xcassets in Resources */,
				D8D0C0172A31C93A009BDBF0 /* Main.storyboard in Resources */,
			);
			runOnlyForDeploymentPostprocessing = 0;
		};
/* End PBXResourcesBuildPhase section */

/* Begin PBXShellScriptBuildPhase section */
		0E2F8C7636ED7A6CAFAC01CC /* [CP] Check Pods Manifest.lock */ = {
			isa = PBXShellScriptBuildPhase;
			buildActionMask = 2147483647;
			files = (
			);
			inputFileListPaths = (
			);
			inputPaths = (
				"${PODS_PODFILE_DIR_PATH}/Podfile.lock",
				"${PODS_ROOT}/Manifest.lock",
			);
			name = "[CP] Check Pods Manifest.lock";
			outputFileListPaths = (
			);
			outputPaths = (
				"$(DERIVED_FILE_DIR)/Pods-ObjCUIApp-checkManifestLockResult.txt",
			);
			runOnlyForDeploymentPostprocessing = 0;
			shellPath = /bin/sh;
			shellScript = "diff \"${PODS_PODFILE_DIR_PATH}/Podfile.lock\" \"${PODS_ROOT}/Manifest.lock\" > /dev/null\nif [ $? != 0 ] ; then\n    # print error to STDERR\n    echo \"error: The sandbox is not in sync with the Podfile.lock. Run 'pod install' or update your CocoaPods installation.\" >&2\n    exit 1\nfi\n# This output is used by Xcode 'outputs' to avoid re-running this script phase.\necho \"SUCCESS\" > \"${SCRIPT_OUTPUT_FILE_0}\"\n";
			showEnvVarsInLog = 0;
		};
		4BE60C677B8E63A91C32FCB1 /* [CP] Embed Pods Frameworks */ = {
			isa = PBXShellScriptBuildPhase;
			buildActionMask = 2147483647;
			files = (
			);
			inputFileListPaths = (
				"${PODS_ROOT}/Target Support Files/Pods-ObjCUIApp/Pods-ObjCUIApp-frameworks-${CONFIGURATION}-input-files.xcfilelist",
			);
			name = "[CP] Embed Pods Frameworks";
			outputFileListPaths = (
				"${PODS_ROOT}/Target Support Files/Pods-ObjCUIApp/Pods-ObjCUIApp-frameworks-${CONFIGURATION}-output-files.xcfilelist",
			);
			runOnlyForDeploymentPostprocessing = 0;
			shellPath = /bin/sh;
			shellScript = "\"${PODS_ROOT}/Target Support Files/Pods-ObjCUIApp/Pods-ObjCUIApp-frameworks.sh\"\n";
			showEnvVarsInLog = 0;
		};
/* End PBXShellScriptBuildPhase section */

/* Begin PBXSourcesBuildPhase section */
		D8D0C0062A31C931009BDBF0 /* Sources */ = {
			isa = PBXSourcesBuildPhase;
			buildActionMask = 2147483647;
			files = (
				D8D0C0122A31C931009BDBF0 /* ViewController.m in Sources */,
				D8D0C0192A31C93A009BDBF0 /* main.m in Sources */,
				D8D0C00F2A31C931009BDBF0 /* AppDelegate.m in Sources */,
			);
			runOnlyForDeploymentPostprocessing = 0;
		};
/* End PBXSourcesBuildPhase section */

/* Begin PBXVariantGroup section */
		D8D0C0152A31C93A009BDBF0 /* Main.storyboard */ = {
			isa = PBXVariantGroup;
			children = (
				D8D0C0162A31C93A009BDBF0 /* Base */,
			);
			name = Main.storyboard;
			sourceTree = "<group>";
		};
/* End PBXVariantGroup section */

/* Begin XCBuildConfiguration section */
		D8D0C01B2A31C93A009BDBF0 /* Debug */ = {
			isa = XCBuildConfiguration;
			buildSettings = {
				ALWAYS_SEARCH_USER_PATHS = NO;
				CLANG_ANALYZER_NONNULL = YES;
				CLANG_ANALYZER_NUMBER_OBJECT_CONVERSION = YES_AGGRESSIVE;
				CLANG_CXX_LANGUAGE_STANDARD = "gnu++20";
				CLANG_ENABLE_MODULES = YES;
				CLANG_ENABLE_OBJC_ARC = YES;
				CLANG_ENABLE_OBJC_WEAK = YES;
				CLANG_WARN_BLOCK_CAPTURE_AUTORELEASING = YES;
				CLANG_WARN_BOOL_CONVERSION = YES;
				CLANG_WARN_COMMA = YES;
				CLANG_WARN_CONSTANT_CONVERSION = YES;
				CLANG_WARN_DEPRECATED_OBJC_IMPLEMENTATIONS = YES;
				CLANG_WARN_DIRECT_OBJC_ISA_USAGE = YES_ERROR;
				CLANG_WARN_DOCUMENTATION_COMMENTS = YES;
				CLANG_WARN_EMPTY_BODY = YES;
				CLANG_WARN_ENUM_CONVERSION = YES;
				CLANG_WARN_INFINITE_RECURSION = YES;
				CLANG_WARN_INT_CONVERSION = YES;
				CLANG_WARN_NON_LITERAL_NULL_CONVERSION = YES;
				CLANG_WARN_OBJC_IMPLICIT_RETAIN_SELF = YES;
				CLANG_WARN_OBJC_LITERAL_CONVERSION = YES;
				CLANG_WARN_OBJC_ROOT_CLASS = YES_ERROR;
				CLANG_WARN_QUOTED_INCLUDE_IN_FRAMEWORK_HEADER = YES;
				CLANG_WARN_RANGE_LOOP_ANALYSIS = YES;
				CLANG_WARN_STRICT_PROTOTYPES = YES;
				CLANG_WARN_SUSPICIOUS_MOVE = YES;
				CLANG_WARN_UNGUARDED_AVAILABILITY = YES_AGGRESSIVE;
				CLANG_WARN_UNREACHABLE_CODE = YES;
				CLANG_WARN__DUPLICATE_METHOD_MATCH = YES;
				COPY_PHASE_STRIP = NO;
				DEBUG_INFORMATION_FORMAT = dwarf;
				ENABLE_STRICT_OBJC_MSGSEND = YES;
				ENABLE_TESTABILITY = YES;
				GCC_C_LANGUAGE_STANDARD = gnu11;
				GCC_DYNAMIC_NO_PIC = NO;
				GCC_NO_COMMON_BLOCKS = YES;
				GCC_OPTIMIZATION_LEVEL = 0;
				GCC_PREPROCESSOR_DEFINITIONS = (
					"DEBUG=1",
					"$(inherited)",
				);
				GCC_WARN_64_TO_32_BIT_CONVERSION = YES;
				GCC_WARN_ABOUT_RETURN_TYPE = YES_ERROR;
				GCC_WARN_UNDECLARED_SELECTOR = YES;
				GCC_WARN_UNINITIALIZED_AUTOS = YES_AGGRESSIVE;
				GCC_WARN_UNUSED_FUNCTION = YES;
				GCC_WARN_UNUSED_VARIABLE = YES;
				MACOSX_DEPLOYMENT_TARGET = 13.1;
				MTL_ENABLE_DEBUG_INFO = INCLUDE_SOURCE;
				MTL_FAST_MATH = YES;
				ONLY_ACTIVE_ARCH = YES;
				SDKROOT = macosx;
			};
			name = Debug;
		};
		D8D0C01C2A31C93A009BDBF0 /* Release */ = {
			isa = XCBuildConfiguration;
			buildSettings = {
				ALWAYS_SEARCH_USER_PATHS = NO;
				CLANG_ANALYZER_NONNULL = YES;
				CLANG_ANALYZER_NUMBER_OBJECT_CONVERSION = YES_AGGRESSIVE;
				CLANG_CXX_LANGUAGE_STANDARD = "gnu++20";
				CLANG_ENABLE_MODULES = YES;
				CLANG_ENABLE_OBJC_ARC = YES;
				CLANG_ENABLE_OBJC_WEAK = YES;
				CLANG_WARN_BLOCK_CAPTURE_AUTORELEASING = YES;
				CLANG_WARN_BOOL_CONVERSION = YES;
				CLANG_WARN_COMMA = YES;
				CLANG_WARN_CONSTANT_CONVERSION = YES;
				CLANG_WARN_DEPRECATED_OBJC_IMPLEMENTATIONS = YES;
				CLANG_WARN_DIRECT_OBJC_ISA_USAGE = YES_ERROR;
				CLANG_WARN_DOCUMENTATION_COMMENTS = YES;
				CLANG_WARN_EMPTY_BODY = YES;
				CLANG_WARN_ENUM_CONVERSION = YES;
				CLANG_WARN_INFINITE_RECURSION = YES;
				CLANG_WARN_INT_CONVERSION = YES;
				CLANG_WARN_NON_LITERAL_NULL_CONVERSION = YES;
				CLANG_WARN_OBJC_IMPLICIT_RETAIN_SELF = YES;
				CLANG_WARN_OBJC_LITERAL_CONVERSION = YES;
				CLANG_WARN_OBJC_ROOT_CLASS = YES_ERROR;
				CLANG_WARN_QUOTED_INCLUDE_IN_FRAMEWORK_HEADER = YES;
				CLANG_WARN_RANGE_LOOP_ANALYSIS = YES;
				CLANG_WARN_STRICT_PROTOTYPES = YES;
				CLANG_WARN_SUSPICIOUS_MOVE = YES;
				CLANG_WARN_UNGUARDED_AVAILABILITY = YES_AGGRESSIVE;
				CLANG_WARN_UNREACHABLE_CODE = YES;
				CLANG_WARN__DUPLICATE_METHOD_MATCH = YES;
				COPY_PHASE_STRIP = NO;
				DEBUG_INFORMATION_FORMAT = "dwarf-with-dsym";
				ENABLE_NS_ASSERTIONS = NO;
				ENABLE_STRICT_OBJC_MSGSEND = YES;
				GCC_C_LANGUAGE_STANDARD = gnu11;
				GCC_NO_COMMON_BLOCKS = YES;
				GCC_WARN_64_TO_32_BIT_CONVERSION = YES;
				GCC_WARN_ABOUT_RETURN_TYPE = YES_ERROR;
				GCC_WARN_UNDECLARED_SELECTOR = YES;
				GCC_WARN_UNINITIALIZED_AUTOS = YES_AGGRESSIVE;
				GCC_WARN_UNUSED_FUNCTION = YES;
				GCC_WARN_UNUSED_VARIABLE = YES;
				MACOSX_DEPLOYMENT_TARGET = 13.1;
				MTL_ENABLE_DEBUG_INFO = NO;
				MTL_FAST_MATH = YES;
				SDKROOT = macosx;
			};
			name = Release;
		};
		D8D0C01E2A31C93A009BDBF0 /* Debug */ = {
			isa = XCBuildConfiguration;
			baseConfigurationReference = 79F870920B111A4A958C666F /* Pods-ObjCUIApp.debug.xcconfig */;
			buildSettings = {
				ASSETCATALOG_COMPILER_APPICON_NAME = AppIcon;
				ASSETCATALOG_COMPILER_GLOBAL_ACCENT_COLOR_NAME = AccentColor;
				CODE_SIGN_ENTITLEMENTS = ObjCUIApp/ObjCUIApp.entitlements;
				CODE_SIGN_STYLE = Automatic;
				COMBINE_HIDPI_IMAGES = YES;
				CURRENT_PROJECT_VERSION = 1;
				GENERATE_INFOPLIST_FILE = YES;
				INFOPLIST_KEY_NSHumanReadableCopyright = "";
				INFOPLIST_KEY_NSMainStoryboardFile = Main;
				INFOPLIST_KEY_NSPrincipalClass = NSApplication;
				LD_RUNPATH_SEARCH_PATHS = (
					"$(inherited)",
					"@executable_path/../Frameworks",
				);
				MARKETING_VERSION = 1.0;
				PRODUCT_BUNDLE_IDENTIFIER = com.szemafor.ObjCUIApp;
				PRODUCT_NAME = "$(TARGET_NAME)";
				SWIFT_EMIT_LOC_STRINGS = YES;
			};
			name = Debug;
		};
		D8D0C01F2A31C93A009BDBF0 /* Release */ = {
			isa = XCBuildConfiguration;
			baseConfigurationReference = 6521BBFD3CFFEB42195BA9CD /* Pods-ObjCUIApp.release.xcconfig */;
			buildSettings = {
				ASSETCATALOG_COMPILER_APPICON_NAME = AppIcon;
				ASSETCATALOG_COMPILER_GLOBAL_ACCENT_COLOR_NAME = AccentColor;
				CODE_SIGN_ENTITLEMENTS = ObjCUIApp/ObjCUIApp.entitlements;
				CODE_SIGN_STYLE = Automatic;
				COMBINE_HIDPI_IMAGES = YES;
				CURRENT_PROJECT_VERSION = 1;
				GENERATE_INFOPLIST_FILE = YES;
				INFOPLIST_KEY_NSHumanReadableCopyright = "";
				INFOPLIST_KEY_NSMainStoryboardFile = Main;
				INFOPLIST_KEY_NSPrincipalClass = NSApplication;
				LD_RUNPATH_SEARCH_PATHS = (
					"$(inherited)",
					"@executable_path/../Frameworks",
				);
				MARKETING_VERSION = 1.0;
				PRODUCT_BUNDLE_IDENTIFIER = com.szemafor.ObjCUIApp;
				PRODUCT_NAME = "$(TARGET_NAME)";
				SWIFT_EMIT_LOC_STRINGS = YES;
			};
			name = Release;
		};
/* End XCBuildConfiguration section */

/* Begin XCConfigurationList section */
		D8D0C0052A31C931009BDBF0 /* Build configuration list for PBXProject "ObjCUIApp" */ = {
			isa = XCConfigurationList;
			buildConfigurations = (
				D8D0C01B2A31C93A009BDBF0 /* Debug */,
				D8D0C01C2A31C93A009BDBF0 /* Release */,
			);
			defaultConfigurationIsVisible = 0;
			defaultConfigurationName = Release;
		};
		D8D0C01D2A31C93A009BDBF0 /* Build configuration list for PBXNativeTarget "ObjCUIApp" */ = {
			isa = XCConfigurationList;
			buildConfigurations = (
				D8D0C01E2A31C93A009BDBF0 /* Debug */,
				D8D0C01F2A31C93A009BDBF0 /* Release */,
			);
			defaultConfigurationIsVisible = 0;
			defaultConfigurationName = Release;
		};
/* End XCConfigurationList section */
	};
	rootObject = D8D0C0022A31C931009BDBF0 /* Project object */;
}
